
Microsoft Visual Studio Solution File, Format Version 12.00
# Visual Studio Version 17
VisualStudioVersion = 17.8.34309.116
MinimumVisualStudioVersion = 10.0.40219.1
Project("{FAE04EC0-301F-11D3-BF4B-00C04F79EFBC}") = "ConsoleApp1", "ConsoleApp1\ConsoleApp1.csproj", "{A50276AE-D352-49EE-AE2C-2C225E385144}"
EndProject
Global
	GlobalSection(SolutionConfigurationPlatforms) = preSolution
		Debug|Any CPU = Debug|Any CPU
		Release|Any CPU = Release|Any CPU
	EndGlobalSection
	GlobalSection(ProjectConfigurationPlatforms) = postSolution
		{A50276AE-D352-49EE-AE2C-2C225E385144}.Debug|Any CPU.ActiveCfg = Debug|Any CPU
		{A50276AE-D352-49EE-AE2C-2C225E385144}.Debug|Any CPU.Build.0 = Debug|Any CPU
		{A50276AE-D352-49EE-AE2C-2C225E385144}.Release|Any CPU.ActiveCfg = Release|Any CPU
		{A50276AE-D352-49EE-AE2C-2C225E385144}.Release|Any CPU.Build.0 = Release|Any CPU
	EndGlobalSection
	GlobalSection(SolutionProperties) = preSolution
		HideSolutionNode = FALSE
	EndGlobalSection
	GlobalSection(ExtensibilityGlobals) = postSolution
		SolutionGuid = {A52FE1C0-5A78-409A-93D5-DC18DC45DD6E}
	EndGlobalSection
EndGlobal
