
Microsoft Visual Studio Solution File, Format Version 12.00
# Visual Studio Version 17
VisualStudioVersion = 17.8.34309.116
MinimumVisualStudioVersion = 10.0.40219.1
Project("{9A19103F-16F7-4668-BE54-9A1E7A4F7556}") = "calcrace", "calcrace\calcrace.csproj", "{68AC3917-D3EB-4FFA-ADBA-58C79B9C82F3}"
EndProject
Project("{9A19103F-16F7-4668-BE54-9A1E7A4F7556}") = "Calculator_Practice", "..\Calculator_Practice\Calculator_Practice\Calculator_Practice.csproj", "{7C4B8429-5432-416B-9CCC-83AFF780C2EE}"
EndProject
Global
	GlobalSection(SolutionConfigurationPlatforms) = preSolution
		Debug|Any CPU = Debug|Any CPU
		Release|Any CPU = Release|Any CPU
	EndGlobalSection
	GlobalSection(ProjectConfigurationPlatforms) = postSolution
		{68AC3917-D3EB-4FFA-ADBA-58C79B9C82F3}.Debug|Any CPU.ActiveCfg = Debug|Any CPU
		{68AC3917-D3EB-4FFA-ADBA-58C79B9C82F3}.Debug|Any CPU.Build.0 = Debug|Any CPU
		{68AC3917-D3EB-4FFA-ADBA-58C79B9C82F3}.Release|Any CPU.ActiveCfg = Release|Any CPU
		{68AC3917-D3EB-4FFA-ADBA-58C79B9C82F3}.Release|Any CPU.Build.0 = Release|Any CPU
		{7C4B8429-5432-416B-9CCC-83AFF780C2EE}.Debug|Any CPU.ActiveCfg = Debug|Any CPU
		{7C4B8429-5432-416B-9CCC-83AFF780C2EE}.Debug|Any CPU.Build.0 = Debug|Any CPU
		{7C4B8429-5432-416B-9CCC-83AFF780C2EE}.Release|Any CPU.ActiveCfg = Release|Any CPU
		{7C4B8429-5432-416B-9CCC-83AFF780C2EE}.Release|Any CPU.Build.0 = Release|Any CPU
	EndGlobalSection
	GlobalSection(SolutionProperties) = preSolution
		HideSolutionNode = FALSE
	EndGlobalSection
	GlobalSection(ExtensibilityGlobals) = postSolution
		SolutionGuid = {67AC6D12-DEDC-4B73-9AD3-CF87C4C64072}
	EndGlobalSection
EndGlobal
