
Microsoft Visual Studio Solution File, Format Version 12.00
# Visual Studio Version 17
VisualStudioVersion = 17.8.34309.116
MinimumVisualStudioVersion = 10.0.40219.1
Project("{FAE04EC0-301F-11D3-BF4B-00C04F79EFBC}") = "Calculator_Practice", "Calculator_Practice\Calculator_Practice.csproj", "{F6332FA5-A389-4DC6-BD5D-7D83D606D97D}"
EndProject
Global
	GlobalSection(SolutionConfigurationPlatforms) = preSolution
		Debug|Any CPU = Debug|Any CPU
		Release|Any CPU = Release|Any CPU
	EndGlobalSection
	GlobalSection(ProjectConfigurationPlatforms) = postSolution
		{F6332FA5-A389-4DC6-BD5D-7D83D606D97D}.Debug|Any CPU.ActiveCfg = Debug|Any CPU
		{F6332FA5-A389-4DC6-BD5D-7D83D606D97D}.Debug|Any CPU.Build.0 = Debug|Any CPU
		{F6332FA5-A389-4DC6-BD5D-7D83D606D97D}.Release|Any CPU.ActiveCfg = Release|Any CPU
		{F6332FA5-A389-4DC6-BD5D-7D83D606D97D}.Release|Any CPU.Build.0 = Release|Any CPU
	EndGlobalSection
	GlobalSection(SolutionProperties) = preSolution
		HideSolutionNode = FALSE
	EndGlobalSection
	GlobalSection(ExtensibilityGlobals) = postSolution
		SolutionGuid = {082F8CEA-A55D-45FB-A123-08645376793B}
	EndGlobalSection
EndGlobal
